// !$*UTF8*$!
{
	archiveVersion = 1;
	classes = {
	};
	objectVersion = 56;
	objects = {

/* Begin PBXBuildFile section */
		519D6705297C52530095D717 /* TOMApp.swift in Sources */ = {isa = PBXBuildFile; fileRef = 519D6704297C52530095D717 /* TOMApp.swift */; };
		519D6707297C52530095D717 /* ContentView.swift in Sources */ = {isa = PBXBuildFile; fileRef = 519D6706297C52530095D717 /* ContentView.swift */; };
		519D6709297C52540095D717 /* Assets.xcassets in Resources */ = {isa = PBXBuildFile; fileRef = 519D6708297C52540095D717 /* Assets.xcassets */; };
		519D670C297C52540095D717 /* Preview Assets.xcassets in Resources */ = {isa = PBXBuildFile; fileRef = 519D670B297C52540095D717 /* Preview Assets.xcassets */; };
		519D6715297C53A00095D717 /* TOMDocument.swift in Sources */ = {isa = PBXBuildFile; fileRef = 519D6714297C53A00095D717 /* TOMDocument.swift */; };
		519D6717297C58720095D717 /* ViewModel.swift in Sources */ = {isa = PBXBuildFile; fileRef = 519D6716297C58720095D717 /* ViewModel.swift */; };
		519D6719297C5EB90095D717 /* RegisterView.swift in Sources */ = {isa = PBXBuildFile; fileRef = 519D6718297C5EB90095D717 /* RegisterView.swift */; };
		5E50DF512AD114D700190634 /* MarkdownUI in Frameworks */ = {isa = PBXBuildFile; productRef = 5E50DF502AD114D700190634 /* MarkdownUI */; };
		5E5394DB2ACEDEDF0018F35A /* HelpView.swift in Sources */ = {isa = PBXBuildFile; fileRef = 5E5394DA2ACEDEDF0018F35A /* HelpView.swift */; };
		5E5394DD2ACEE67A0018F35A /* StackView.swift in Sources */ = {isa = PBXBuildFile; fileRef = 5E5394DC2ACEE67A0018F35A /* StackView.swift */; };
		5E5394DF2ACEF2CF0018F35A /* SingleStackView.swift in Sources */ = {isa = PBXBuildFile; fileRef = 5E5394DE2ACEF2CF0018F35A /* SingleStackView.swift */; };
		5E9EE9152ADEE76500CFF7E9 /* TOMTests.swift in Sources */ = {isa = PBXBuildFile; fileRef = 5E9EE9142ADEE76500CFF7E9 /* TOMTests.swift */; };
		5E9EE9222ADEE76F00CFF7E9 /* TOMUITests.swift in Sources */ = {isa = PBXBuildFile; fileRef = 5E9EE9212ADEE76F00CFF7E9 /* TOMUITests.swift */; };
		5E9EE9242ADEE76F00CFF7E9 /* TOMUITestsLaunchTests.swift in Sources */ = {isa = PBXBuildFile; fileRef = 5E9EE9232ADEE76F00CFF7E9 /* TOMUITestsLaunchTests.swift */; };
		5EFEACE22ADBD9E400D71E42 /* Documentation.docc in Sources */ = {isa = PBXBuildFile; fileRef = 5EFEACE12ADBD9E400D71E42 /* Documentation.docc */; };
		5EFEACE42ADBDAAD00D71E42 /* README.md in Resources */ = {isa = PBXBuildFile; fileRef = 5EFEACE32ADBDAAD00D71E42 /* README.md */; };
/* End PBXBuildFile section */

/* Begin PBXContainerItemProxy section */
		5E9EE9162ADEE76500CFF7E9 /* PBXContainerItemProxy */ = {
			isa = PBXContainerItemProxy;
			containerPortal = 519D66F9297C52530095D717 /* Project object */;
			proxyType = 1;
			remoteGlobalIDString = 519D6700297C52530095D717;
			remoteInfo = TOM;
		};
		5E9EE9252ADEE76F00CFF7E9 /* PBXContainerItemProxy */ = {
			isa = PBXContainerItemProxy;
			containerPortal = 519D66F9297C52530095D717 /* Project object */;
			proxyType = 1;
			remoteGlobalIDString = 519D6700297C52530095D717;
			remoteInfo = TOM;
		};
/* End PBXContainerItemProxy section */

/* Begin PBXFileReference section */
		519D6701297C52530095D717 /* TOM.app */ = {isa = PBXFileReference; explicitFileType = wrapper.application; includeInIndex = 0; path = TOM.app; sourceTree = BUILT_PRODUCTS_DIR; };
		519D6704297C52530095D717 /* TOMApp.swift */ = {isa = PBXFileReference; lastKnownFileType = sourcecode.swift; path = TOMApp.swift; sourceTree = "<group>"; };
		519D6706297C52530095D717 /* ContentView.swift */ = {isa = PBXFileReference; lastKnownFileType = sourcecode.swift; path = ContentView.swift; sourceTree = "<group>"; };
		519D6708297C52540095D717 /* Assets.xcassets */ = {isa = PBXFileReference; lastKnownFileType = folder.assetcatalog; path = Assets.xcassets; sourceTree = "<group>"; };
		519D670B297C52540095D717 /* Preview Assets.xcassets */ = {isa = PBXFileReference; lastKnownFileType = folder.assetcatalog; path = "Preview Assets.xcassets"; sourceTree = "<group>"; };
		519D670D297C52540095D717 /* TOM.entitlements */ = {isa = PBXFileReference; lastKnownFileType = text.plist.entitlements; path = TOM.entitlements; sourceTree = "<group>"; };
		519D6713297C52D00095D717 /* Info.plist */ = {isa = PBXFileReference; lastKnownFileType = text.plist; path = Info.plist; sourceTree = "<group>"; };
		519D6714297C53A00095D717 /* TOMDocument.swift */ = {isa = PBXFileReference; lastKnownFileType = sourcecode.swift; path = TOMDocument.swift; sourceTree = "<group>"; };
		519D6716297C58720095D717 /* ViewModel.swift */ = {isa = PBXFileReference; lastKnownFileType = sourcecode.swift; path = ViewModel.swift; sourceTree = "<group>"; };
		519D6718297C5EB90095D717 /* RegisterView.swift */ = {isa = PBXFileReference; lastKnownFileType = sourcecode.swift; path = RegisterView.swift; sourceTree = "<group>"; };
		5E5394DA2ACEDEDF0018F35A /* HelpView.swift */ = {isa = PBXFileReference; lastKnownFileType = sourcecode.swift; path = HelpView.swift; sourceTree = "<group>"; };
		5E5394DC2ACEE67A0018F35A /* StackView.swift */ = {isa = PBXFileReference; lastKnownFileType = sourcecode.swift; path = StackView.swift; sourceTree = "<group>"; };
		5E5394DE2ACEF2CF0018F35A /* SingleStackView.swift */ = {isa = PBXFileReference; lastKnownFileType = sourcecode.swift; path = SingleStackView.swift; sourceTree = "<group>"; };
		5E9EE9122ADEE76500CFF7E9 /* TOMTests.xctest */ = {isa = PBXFileReference; explicitFileType = wrapper.cfbundle; includeInIndex = 0; path = TOMTests.xctest; sourceTree = BUILT_PRODUCTS_DIR; };
		5E9EE9142ADEE76500CFF7E9 /* TOMTests.swift */ = {isa = PBXFileReference; lastKnownFileType = sourcecode.swift; path = TOMTests.swift; sourceTree = "<group>"; };
		5E9EE91F2ADEE76F00CFF7E9 /* TOMUITests.xctest */ = {isa = PBXFileReference; explicitFileType = wrapper.cfbundle; includeInIndex = 0; path = TOMUITests.xctest; sourceTree = BUILT_PRODUCTS_DIR; };
		5E9EE9212ADEE76F00CFF7E9 /* TOMUITests.swift */ = {isa = PBXFileReference; lastKnownFileType = sourcecode.swift; path = TOMUITests.swift; sourceTree = "<group>"; };
		5E9EE9232ADEE76F00CFF7E9 /* TOMUITestsLaunchTests.swift */ = {isa = PBXFileReference; lastKnownFileType = sourcecode.swift; path = TOMUITestsLaunchTests.swift; sourceTree = "<group>"; };
		5EFEACE12ADBD9E400D71E42 /* Documentation.docc */ = {isa = PBXFileReference; lastKnownFileType = folder.documentationcatalog; path = Documentation.docc; sourceTree = "<group>"; };
		5EFEACE32ADBDAAD00D71E42 /* README.md */ = {isa = PBXFileReference; fileEncoding = 4; lastKnownFileType = net.daringfireball.markdown; path = README.md; sourceTree = "<group>"; };
/* End PBXFileReference section */

/* Begin PBXFrameworksBuildPhase section */
		519D66FE297C52530095D717 /* Frameworks */ = {
			isa = PBXFrameworksBuildPhase;
			buildActionMask = 2147483647;
			files = (
				5E50DF512AD114D700190634 /* MarkdownUI in Frameworks */,
			);
			runOnlyForDeploymentPostprocessing = 0;
		};
		5E9EE90F2ADEE76500CFF7E9 /* Frameworks */ = {
			isa = PBXFrameworksBuildPhase;
			buildActionMask = 2147483647;
			files = (
			);
			runOnlyForDeploymentPostprocessing = 0;
		};
		5E9EE91C2ADEE76F00CFF7E9 /* Frameworks */ = {
			isa = PBXFrameworksBuildPhase;
			buildActionMask = 2147483647;
			files = (
			);
			runOnlyForDeploymentPostprocessing = 0;
		};
/* End PBXFrameworksBuildPhase section */

/* Begin PBXGroup section */
		519D66F8297C52530095D717 = {
			isa = PBXGroup;
			children = (
				5EFEACE32ADBDAAD00D71E42 /* README.md */,
				5EFEACE12ADBD9E400D71E42 /* Documentation.docc */,
				519D6703297C52530095D717 /* TOM */,
				5E9EE9132ADEE76500CFF7E9 /* TOMTests */,
				5E9EE9202ADEE76F00CFF7E9 /* TOMUITests */,
				519D6702297C52530095D717 /* Products */,
			);
			sourceTree = "<group>";
		};
		519D6702297C52530095D717 /* Products */ = {
			isa = PBXGroup;
			children = (
				519D6701297C52530095D717 /* TOM.app */,
				5E9EE9122ADEE76500CFF7E9 /* TOMTests.xctest */,
				5E9EE91F2ADEE76F00CFF7E9 /* TOMUITests.xctest */,
			);
			name = Products;
			sourceTree = "<group>";
		};
		519D6703297C52530095D717 /* TOM */ = {
			isa = PBXGroup;
			children = (
				519D6713297C52D00095D717 /* Info.plist */,
				519D6704297C52530095D717 /* TOMApp.swift */,
				519D6706297C52530095D717 /* ContentView.swift */,
				519D6716297C58720095D717 /* ViewModel.swift */,
				5E5394DC2ACEE67A0018F35A /* StackView.swift */,
				5E5394DE2ACEF2CF0018F35A /* SingleStackView.swift */,
				5E5394DA2ACEDEDF0018F35A /* HelpView.swift */,
				519D6718297C5EB90095D717 /* RegisterView.swift */,
				519D6714297C53A00095D717 /* TOMDocument.swift */,
				519D6708297C52540095D717 /* Assets.xcassets */,
				519D670D297C52540095D717 /* TOM.entitlements */,
				519D670A297C52540095D717 /* Preview Content */,
			);
			path = TOM;
			sourceTree = "<group>";
		};
		519D670A297C52540095D717 /* Preview Content */ = {
			isa = PBXGroup;
			children = (
				519D670B297C52540095D717 /* Preview Assets.xcassets */,
			);
			path = "Preview Content";
			sourceTree = "<group>";
		};
		5E9EE9132ADEE76500CFF7E9 /* TOMTests */ = {
			isa = PBXGroup;
			children = (
				5E9EE9142ADEE76500CFF7E9 /* TOMTests.swift */,
			);
			path = TOMTests;
			sourceTree = "<group>";
		};
		5E9EE9202ADEE76F00CFF7E9 /* TOMUITests */ = {
			isa = PBXGroup;
			children = (
				5E9EE9212ADEE76F00CFF7E9 /* TOMUITests.swift */,
				5E9EE9232ADEE76F00CFF7E9 /* TOMUITestsLaunchTests.swift */,
			);
			path = TOMUITests;
			sourceTree = "<group>";
		};
/* End PBXGroup section */

/* Begin PBXNativeTarget section */
		519D6700297C52530095D717 /* TOM */ = {
			isa = PBXNativeTarget;
			buildConfigurationList = 519D6710297C52540095D717 /* Build configuration list for PBXNativeTarget "TOM" */;
			buildPhases = (
				519D66FD297C52530095D717 /* Sources */,
				519D66FE297C52530095D717 /* Frameworks */,
				519D66FF297C52530095D717 /* Resources */,
			);
			buildRules = (
			);
			dependencies = (
			);
			name = TOM;
			packageProductDependencies = (
				5E50DF502AD114D700190634 /* MarkdownUI */,
			);
			productName = TOM;
			productReference = 519D6701297C52530095D717 /* TOM.app */;
			productType = "com.apple.product-type.application";
		};
		5E9EE9112ADEE76500CFF7E9 /* TOMTests */ = {
			isa = PBXNativeTarget;
			buildConfigurationList = 5E9EE91A2ADEE76500CFF7E9 /* Build configuration list for PBXNativeTarget "TOMTests" */;
			buildPhases = (
				5E9EE90E2ADEE76500CFF7E9 /* Sources */,
				5E9EE90F2ADEE76500CFF7E9 /* Frameworks */,
				5E9EE9102ADEE76500CFF7E9 /* Resources */,
			);
			buildRules = (
			);
			dependencies = (
				5E9EE9172ADEE76500CFF7E9 /* PBXTargetDependency */,
			);
			name = TOMTests;
			productName = TOMTests;
			productReference = 5E9EE9122ADEE76500CFF7E9 /* TOMTests.xctest */;
			productType = "com.apple.product-type.bundle.unit-test";
		};
		5E9EE91E2ADEE76F00CFF7E9 /* TOMUITests */ = {
			isa = PBXNativeTarget;
			buildConfigurationList = 5E9EE9272ADEE76F00CFF7E9 /* Build configuration list for PBXNativeTarget "TOMUITests" */;
			buildPhases = (
				5E9EE91B2ADEE76F00CFF7E9 /* Sources */,
				5E9EE91C2ADEE76F00CFF7E9 /* Frameworks */,
				5E9EE91D2ADEE76F00CFF7E9 /* Resources */,
			);
			buildRules = (
			);
			dependencies = (
				5E9EE9262ADEE76F00CFF7E9 /* PBXTargetDependency */,
			);
			name = TOMUITests;
			productName = TOMUITests;
			productReference = 5E9EE91F2ADEE76F00CFF7E9 /* TOMUITests.xctest */;
			productType = "com.apple.product-type.bundle.ui-testing";
		};
/* End PBXNativeTarget section */

/* Begin PBXProject section */
		519D66F9297C52530095D717 /* Project object */ = {
			isa = PBXProject;
			attributes = {
				BuildIndependentTargetsInParallel = 1;
				LastSwiftUpdateCheck = 1430;
				LastUpgradeCheck = 1430;
				TargetAttributes = {
					519D6700297C52530095D717 = {
						CreatedOnToolsVersion = 14.2;
					};
					5E9EE9112ADEE76500CFF7E9 = {
						CreatedOnToolsVersion = 14.3.1;
						TestTargetID = 519D6700297C52530095D717;
					};
					5E9EE91E2ADEE76F00CFF7E9 = {
						CreatedOnToolsVersion = 14.3.1;
						TestTargetID = 519D6700297C52530095D717;
					};
				};
			};
			buildConfigurationList = 519D66FC297C52530095D717 /* Build configuration list for PBXProject "TOM" */;
			compatibilityVersion = "Xcode 14.0";
			developmentRegion = en;
			hasScannedForEncodings = 0;
			knownRegions = (
				en,
				Base,
			);
			mainGroup = 519D66F8297C52530095D717;
			packageReferences = (
				5E50DF4F2AD114D700190634 /* XCRemoteSwiftPackageReference "swift-markdown-ui" */,
			);
			productRefGroup = 519D6702297C52530095D717 /* Products */;
			projectDirPath = "";
			projectRoot = "";
			targets = (
				519D6700297C52530095D717 /* TOM */,
				5E9EE9112ADEE76500CFF7E9 /* TOMTests */,
				5E9EE91E2ADEE76F00CFF7E9 /* TOMUITests */,
			);
		};
/* End PBXProject section */

/* Begin PBXResourcesBuildPhase section */
		519D66FF297C52530095D717 /* Resources */ = {
			isa = PBXResourcesBuildPhase;
			buildActionMask = 2147483647;
			files = (
				5EFEACE42ADBDAAD00D71E42 /* README.md in Resources */,
				519D670C297C52540095D717 /* Preview Assets.xcassets in Resources */,
				519D6709297C52540095D717 /* Assets.xcassets in Resources */,
			);
			runOnlyForDeploymentPostprocessing = 0;
		};
		5E9EE9102ADEE76500CFF7E9 /* Resources */ = {
			isa = PBXResourcesBuildPhase;
			buildActionMask = 2147483647;
			files = (
			);
			runOnlyForDeploymentPostprocessing = 0;
		};
		5E9EE91D2ADEE76F00CFF7E9 /* Resources */ = {
			isa = PBXResourcesBuildPhase;
			buildActionMask = 2147483647;
			files = (
			);
			runOnlyForDeploymentPostprocessing = 0;
		};
/* End PBXResourcesBuildPhase section */

/* Begin PBXSourcesBuildPhase section */
		519D66FD297C52530095D717 /* Sources */ = {
			isa = PBXSourcesBuildPhase;
			buildActionMask = 2147483647;
			files = (
				519D6707297C52530095D717 /* ContentView.swift in Sources */,
				5E5394DD2ACEE67A0018F35A /* StackView.swift in Sources */,
				5E5394DB2ACEDEDF0018F35A /* HelpView.swift in Sources */,
				5E5394DF2ACEF2CF0018F35A /* SingleStackView.swift in Sources */,
				5EFEACE22ADBD9E400D71E42 /* Documentation.docc in Sources */,
				519D6719297C5EB90095D717 /* RegisterView.swift in Sources */,
				519D6715297C53A00095D717 /* TOMDocument.swift in Sources */,
				519D6717297C58720095D717 /* ViewModel.swift in Sources */,
				519D6705297C52530095D717 /* TOMApp.swift in Sources */,
			);
			runOnlyForDeploymentPostprocessing = 0;
		};
		5E9EE90E2ADEE76500CFF7E9 /* Sources */ = {
			isa = PBXSourcesBuildPhase;
			buildActionMask = 2147483647;
			files = (
				5E9EE9152ADEE76500CFF7E9 /* TOMTests.swift in Sources */,
			);
			runOnlyForDeploymentPostprocessing = 0;
		};
		5E9EE91B2ADEE76F00CFF7E9 /* Sources */ = {
			isa = PBXSourcesBuildPhase;
			buildActionMask = 2147483647;
			files = (
				5E9EE9222ADEE76F00CFF7E9 /* TOMUITests.swift in Sources */,
				5E9EE9242ADEE76F00CFF7E9 /* TOMUITestsLaunchTests.swift in Sources */,
			);
			runOnlyForDeploymentPostprocessing = 0;
		};
/* End PBXSourcesBuildPhase section */

/* Begin PBXTargetDependency section */
		5E9EE9172ADEE76500CFF7E9 /* PBXTargetDependency */ = {
			isa = PBXTargetDependency;
			target = 519D6700297C52530095D717 /* TOM */;
			targetProxy = 5E9EE9162ADEE76500CFF7E9 /* PBXContainerItemProxy */;
		};
		5E9EE9262ADEE76F00CFF7E9 /* PBXTargetDependency */ = {
			isa = PBXTargetDependency;
			target = 519D6700297C52530095D717 /* TOM */;
			targetProxy = 5E9EE9252ADEE76F00CFF7E9 /* PBXContainerItemProxy */;
		};
/* End PBXTargetDependency section */

/* Begin XCBuildConfiguration section */
		519D670E297C52540095D717 /* Debug */ = {
			isa = XCBuildConfiguration;
			buildSettings = {
				ALWAYS_SEARCH_USER_PATHS = NO;
				CLANG_ANALYZER_NONNULL = YES;
				CLANG_ANALYZER_NUMBER_OBJECT_CONVERSION = YES_AGGRESSIVE;
				CLANG_CXX_LANGUAGE_STANDARD = "gnu++20";
				CLANG_ENABLE_MODULES = YES;
				CLANG_ENABLE_OBJC_ARC = YES;
				CLANG_ENABLE_OBJC_WEAK = YES;
				CLANG_WARN_BLOCK_CAPTURE_AUTORELEASING = YES;
				CLANG_WARN_BOOL_CONVERSION = YES;
				CLANG_WARN_COMMA = YES;
				CLANG_WARN_CONSTANT_CONVERSION = YES;
				CLANG_WARN_DEPRECATED_OBJC_IMPLEMENTATIONS = YES;
				CLANG_WARN_DIRECT_OBJC_ISA_USAGE = YES_ERROR;
				CLANG_WARN_DOCUMENTATION_COMMENTS = YES;
				CLANG_WARN_EMPTY_BODY = YES;
				CLANG_WARN_ENUM_CONVERSION = YES;
				CLANG_WARN_INFINITE_RECURSION = YES;
				CLANG_WARN_INT_CONVERSION = YES;
				CLANG_WARN_NON_LITERAL_NULL_CONVERSION = YES;
				CLANG_WARN_OBJC_IMPLICIT_RETAIN_SELF = YES;
				CLANG_WARN_OBJC_LITERAL_CONVERSION = YES;
				CLANG_WARN_OBJC_ROOT_CLASS = YES_ERROR;
				CLANG_WARN_QUOTED_INCLUDE_IN_FRAMEWORK_HEADER = YES;
				CLANG_WARN_RANGE_LOOP_ANALYSIS = YES;
				CLANG_WARN_STRICT_PROTOTYPES = YES;
				CLANG_WARN_SUSPICIOUS_MOVE = YES;
				CLANG_WARN_UNGUARDED_AVAILABILITY = YES_AGGRESSIVE;
				CLANG_WARN_UNREACHABLE_CODE = YES;
				CLANG_WARN__DUPLICATE_METHOD_MATCH = YES;
				COPY_PHASE_STRIP = NO;
				DEAD_CODE_STRIPPING = YES;
				DEBUG_INFORMATION_FORMAT = dwarf;
				DEVELOPMENT_TEAM = KKCT26533X;
				ENABLE_STRICT_OBJC_MSGSEND = YES;
				ENABLE_TESTABILITY = YES;
				GCC_C_LANGUAGE_STANDARD = gnu11;
				GCC_DYNAMIC_NO_PIC = NO;
				GCC_NO_COMMON_BLOCKS = YES;
				GCC_OPTIMIZATION_LEVEL = 0;
				GCC_PREPROCESSOR_DEFINITIONS = (
					"DEBUG=1",
					"$(inherited)",
				);
				GCC_WARN_64_TO_32_BIT_CONVERSION = YES;
				GCC_WARN_ABOUT_RETURN_TYPE = YES_ERROR;
				GCC_WARN_UNDECLARED_SELECTOR = YES;
				GCC_WARN_UNINITIALIZED_AUTOS = YES_AGGRESSIVE;
				GCC_WARN_UNUSED_FUNCTION = YES;
				GCC_WARN_UNUSED_VARIABLE = YES;
				INFOPLIST_KEY_LSApplicationCategoryType = "public.app-category.productivity";
				MACOSX_DEPLOYMENT_TARGET = 13.1;
				MTL_ENABLE_DEBUG_INFO = INCLUDE_SOURCE;
				MTL_FAST_MATH = YES;
				ONLY_ACTIVE_ARCH = YES;
				SDKROOT = macosx;
				SWIFT_ACTIVE_COMPILATION_CONDITIONS = DEBUG;
				SWIFT_OPTIMIZATION_LEVEL = "-Onone";
			};
			name = Debug;
		};
		519D670F297C52540095D717 /* Release */ = {
			isa = XCBuildConfiguration;
			buildSettings = {
				ALWAYS_SEARCH_USER_PATHS = NO;
				CLANG_ANALYZER_NONNULL = YES;
				CLANG_ANALYZER_NUMBER_OBJECT_CONVERSION = YES_AGGRESSIVE;
				CLANG_CXX_LANGUAGE_STANDARD = "gnu++20";
				CLANG_ENABLE_MODULES = YES;
				CLANG_ENABLE_OBJC_ARC = YES;
				CLANG_ENABLE_OBJC_WEAK = YES;
				CLANG_WARN_BLOCK_CAPTURE_AUTORELEASING = YES;
				CLANG_WARN_BOOL_CONVERSION = YES;
				CLANG_WARN_COMMA = YES;
				CLANG_WARN_CONSTANT_CONVERSION = YES;
				CLANG_WARN_DEPRECATED_OBJC_IMPLEMENTATIONS = YES;
				CLANG_WARN_DIRECT_OBJC_ISA_USAGE = YES_ERROR;
				CLANG_WARN_DOCUMENTATION_COMMENTS = YES;
				CLANG_WARN_EMPTY_BODY = YES;
				CLANG_WARN_ENUM_CONVERSION = YES;
				CLANG_WARN_INFINITE_RECURSION = YES;
				CLANG_WARN_INT_CONVERSION = YES;
				CLANG_WARN_NON_LITERAL_NULL_CONVERSION = YES;
				CLANG_WARN_OBJC_IMPLICIT_RETAIN_SELF = YES;
				CLANG_WARN_OBJC_LITERAL_CONVERSION = YES;
				CLANG_WARN_OBJC_ROOT_CLASS = YES_ERROR;
				CLANG_WARN_QUOTED_INCLUDE_IN_FRAMEWORK_HEADER = YES;
				CLANG_WARN_RANGE_LOOP_ANALYSIS = YES;
				CLANG_WARN_STRICT_PROTOTYPES = YES;
				CLANG_WARN_SUSPICIOUS_MOVE = YES;
				CLANG_WARN_UNGUARDED_AVAILABILITY = YES_AGGRESSIVE;
				CLANG_WARN_UNREACHABLE_CODE = YES;
				CLANG_WARN__DUPLICATE_METHOD_MATCH = YES;
				COPY_PHASE_STRIP = NO;
				DEAD_CODE_STRIPPING = YES;
				DEBUG_INFORMATION_FORMAT = "dwarf-with-dsym";
				DEVELOPMENT_TEAM = KKCT26533X;
				ENABLE_NS_ASSERTIONS = NO;
				ENABLE_STRICT_OBJC_MSGSEND = YES;
				GCC_C_LANGUAGE_STANDARD = gnu11;
				GCC_NO_COMMON_BLOCKS = YES;
				GCC_WARN_64_TO_32_BIT_CONVERSION = YES;
				GCC_WARN_ABOUT_RETURN_TYPE = YES_ERROR;
				GCC_WARN_UNDECLARED_SELECTOR = YES;
				GCC_WARN_UNINITIALIZED_AUTOS = YES_AGGRESSIVE;
				GCC_WARN_UNUSED_FUNCTION = YES;
				GCC_WARN_UNUSED_VARIABLE = YES;
				INFOPLIST_KEY_LSApplicationCategoryType = "public.app-category.productivity";
				MACOSX_DEPLOYMENT_TARGET = 13.1;
				MTL_ENABLE_DEBUG_INFO = NO;
				MTL_FAST_MATH = YES;
				SDKROOT = macosx;
				SWIFT_COMPILATION_MODE = wholemodule;
				SWIFT_OPTIMIZATION_LEVEL = "-O";
			};
			name = Release;
		};
		519D6711297C52540095D717 /* Debug */ = {
			isa = XCBuildConfiguration;
			buildSettings = {
				ASSETCATALOG_COMPILER_APPICON_NAME = AppIcon;
				ASSETCATALOG_COMPILER_GLOBAL_ACCENT_COLOR_NAME = AccentColor;
				CODE_SIGN_ENTITLEMENTS = TOM/TOM.entitlements;
				CODE_SIGN_IDENTITY = "Apple Development";
				"CODE_SIGN_IDENTITY[sdk=macosx*]" = "Apple Development";
				CODE_SIGN_STYLE = Automatic;
				COMBINE_HIDPI_IMAGES = YES;
				CURRENT_PROJECT_VERSION = 1;
				DEAD_CODE_STRIPPING = YES;
				DEVELOPMENT_ASSET_PATHS = "\"TOM/Preview Content\"";
				DEVELOPMENT_TEAM = KKCT26533X;
				ENABLE_HARDENED_RUNTIME = YES;
				ENABLE_PREVIEWS = YES;
				GENERATE_INFOPLIST_FILE = YES;
				INFOPLIST_FILE = TOM/Info.plist;
				INFOPLIST_KEY_CFBundleDisplayName = "Assembly Emulator";
				INFOPLIST_KEY_LSApplicationCategoryType = "public.app-category.productivity";
				INFOPLIST_KEY_NSHumanReadableCopyright = "";
				LD_RUNPATH_SEARCH_PATHS = (
					"$(inherited)",
					"@executable_path/../Frameworks",
				);
				MARKETING_VERSION = 1.0;
				PRODUCT_BUNDLE_IDENTIFIER = com.tomaszkubicki.AssembyEmulator;
				PRODUCT_NAME = "$(TARGET_NAME)";
				PROVISIONING_PROFILE_SPECIFIER = "";
				RUN_DOCUMENTATION_COMPILER = YES;
				SWIFT_EMIT_LOC_STRINGS = YES;
				SWIFT_VERSION = 5.0;
			};
			name = Debug;
		};
		519D6712297C52540095D717 /* Release */ = {
			isa = XCBuildConfiguration;
			buildSettings = {
				ASSETCATALOG_COMPILER_APPICON_NAME = AppIcon;
				ASSETCATALOG_COMPILER_GLOBAL_ACCENT_COLOR_NAME = AccentColor;
				CODE_SIGN_ENTITLEMENTS = TOM/TOM.entitlements;
				CODE_SIGN_IDENTITY = "Apple Development";
				CODE_SIGN_STYLE = Automatic;
				COMBINE_HIDPI_IMAGES = YES;
				CURRENT_PROJECT_VERSION = 1;
				DEAD_CODE_STRIPPING = YES;
				DEVELOPMENT_ASSET_PATHS = "\"TOM/Preview Content\"";
				DEVELOPMENT_TEAM = KKCT26533X;
				ENABLE_HARDENED_RUNTIME = YES;
				ENABLE_PREVIEWS = YES;
				GENERATE_INFOPLIST_FILE = YES;
				INFOPLIST_FILE = TOM/Info.plist;
				INFOPLIST_KEY_CFBundleDisplayName = "Assembly Emulator";
				INFOPLIST_KEY_LSApplicationCategoryType = "public.app-category.productivity";
				INFOPLIST_KEY_NSHumanReadableCopyright = "";
				LD_RUNPATH_SEARCH_PATHS = (
					"$(inherited)",
					"@executable_path/../Frameworks",
				);
				MARKETING_VERSION = 1.0;
				PRODUCT_BUNDLE_IDENTIFIER = com.tomaszkubicki.AssembyEmulator;
				PRODUCT_NAME = "$(TARGET_NAME)";
				PROVISIONING_PROFILE_SPECIFIER = "";
				RUN_DOCUMENTATION_COMPILER = YES;
				SWIFT_EMIT_LOC_STRINGS = YES;
				SWIFT_VERSION = 5.0;
			};
			name = Release;
		};
		5E9EE9182ADEE76500CFF7E9 /* Debug */ = {
			isa = XCBuildConfiguration;
			buildSettings = {
				BUNDLE_LOADER = "$(TEST_HOST)";
				CODE_SIGN_STYLE = Automatic;
				CURRENT_PROJECT_VERSION = 1;
				DEVELOPMENT_TEAM = KKCT26533X;
				GENERATE_INFOPLIST_FILE = YES;
				IPHONEOS_DEPLOYMENT_TARGET = 16.4;
				MACOSX_DEPLOYMENT_TARGET = 13.3;
				MARKETING_VERSION = 1.0;
				PRODUCT_BUNDLE_IDENTIFIER = private.com.TOMTests;
				PRODUCT_NAME = "$(TARGET_NAME)";
				SDKROOT = auto;
				SUPPORTED_PLATFORMS = "iphoneos iphonesimulator macosx";
				SWIFT_EMIT_LOC_STRINGS = NO;
				SWIFT_VERSION = 5.0;
				TARGETED_DEVICE_FAMILY = "1,2";
				TEST_HOST = "$(BUILT_PRODUCTS_DIR)/TOM.app/$(BUNDLE_EXECUTABLE_FOLDER_PATH)/TOM";
			};
			name = Debug;
		};
		5E9EE9192ADEE76500CFF7E9 /* Release */ = {
			isa = XCBuildConfiguration;
			buildSettings = {
				BUNDLE_LOADER = "$(TEST_HOST)";
				CODE_SIGN_STYLE = Automatic;
				CURRENT_PROJECT_VERSION = 1;
				DEVELOPMENT_TEAM = KKCT26533X;
				GENERATE_INFOPLIST_FILE = YES;
				IPHONEOS_DEPLOYMENT_TARGET = 16.4;
				MACOSX_DEPLOYMENT_TARGET = 13.3;
				MARKETING_VERSION = 1.0;
				PRODUCT_BUNDLE_IDENTIFIER = private.com.TOMTests;
				PRODUCT_NAME = "$(TARGET_NAME)";
				SDKROOT = auto;
				SUPPORTED_PLATFORMS = "iphoneos iphonesimulator macosx";
				SWIFT_EMIT_LOC_STRINGS = NO;
				SWIFT_VERSION = 5.0;
				TARGETED_DEVICE_FAMILY = "1,2";
				TEST_HOST = "$(BUILT_PRODUCTS_DIR)/TOM.app/$(BUNDLE_EXECUTABLE_FOLDER_PATH)/TOM";
			};
			name = Release;
		};
		5E9EE9282ADEE76F00CFF7E9 /* Debug */ = {
			isa = XCBuildConfiguration;
			buildSettings = {
				CODE_SIGN_STYLE = Automatic;
				CURRENT_PROJECT_VERSION = 1;
				DEVELOPMENT_TEAM = KKCT26533X;
				GENERATE_INFOPLIST_FILE = YES;
				MACOSX_DEPLOYMENT_TARGET = 13.3;
				MARKETING_VERSION = 1.0;
				PRODUCT_BUNDLE_IDENTIFIER = private.com.TOMUITests;
				PRODUCT_NAME = "$(TARGET_NAME)";
				SWIFT_EMIT_LOC_STRINGS = NO;
				SWIFT_VERSION = 5.0;
				TEST_TARGET_NAME = TOM;
			};
			name = Debug;
		};
		5E9EE9292ADEE76F00CFF7E9 /* Release */ = {
			isa = XCBuildConfiguration;
			buildSettings = {
				CODE_SIGN_STYLE = Automatic;
				CURRENT_PROJECT_VERSION = 1;
				DEVELOPMENT_TEAM = KKCT26533X;
				GENERATE_INFOPLIST_FILE = YES;
				MACOSX_DEPLOYMENT_TARGET = 13.3;
				MARKETING_VERSION = 1.0;
				PRODUCT_BUNDLE_IDENTIFIER = private.com.TOMUITests;
				PRODUCT_NAME = "$(TARGET_NAME)";
				SWIFT_EMIT_LOC_STRINGS = NO;
				SWIFT_VERSION = 5.0;
				TEST_TARGET_NAME = TOM;
			};
			name = Release;
		};
/* End XCBuildConfiguration section */

/* Begin XCConfigurationList section */
		519D66FC297C52530095D717 /* Build configuration list for PBXProject "TOM" */ = {
			isa = XCConfigurationList;
			buildConfigurations = (
				519D670E297C52540095D717 /* Debug */,
				519D670F297C52540095D717 /* Release */,
			);
			defaultConfigurationIsVisible = 0;
			defaultConfigurationName = Release;
		};
		519D6710297C52540095D717 /* Build configuration list for PBXNativeTarget "TOM" */ = {
			isa = XCConfigurationList;
			buildConfigurations = (
				519D6711297C52540095D717 /* Debug */,
				519D6712297C52540095D717 /* Release */,
			);
			defaultConfigurationIsVisible = 0;
			defaultConfigurationName = Release;
		};
		5E9EE91A2ADEE76500CFF7E9 /* Build configuration list for PBXNativeTarget "TOMTests" */ = {
			isa = XCConfigurationList;
			buildConfigurations = (
				5E9EE9182ADEE76500CFF7E9 /* Debug */,
				5E9EE9192ADEE76500CFF7E9 /* Release */,
			);
			defaultConfigurationIsVisible = 0;
			defaultConfigurationName = Release;
		};
		5E9EE9272ADEE76F00CFF7E9 /* Build configuration list for PBXNativeTarget "TOMUITests" */ = {
			isa = XCConfigurationList;
			buildConfigurations = (
				5E9EE9282ADEE76F00CFF7E9 /* Debug */,
				5E9EE9292ADEE76F00CFF7E9 /* Release */,
			);
			defaultConfigurationIsVisible = 0;
			defaultConfigurationName = Release;
		};
/* End XCConfigurationList section */

/* Begin XCRemoteSwiftPackageReference section */
		5E50DF4F2AD114D700190634 /* XCRemoteSwiftPackageReference "swift-markdown-ui" */ = {
			isa = XCRemoteSwiftPackageReference;
			repositoryURL = "https://github.com/gonzalezreal/swift-markdown-ui.git";
			requirement = {
				kind = upToNextMajorVersion;
				minimumVersion = 2.0.0;
			};
		};
/* End XCRemoteSwiftPackageReference section */

/* Begin XCSwiftPackageProductDependency section */
		5E50DF502AD114D700190634 /* MarkdownUI */ = {
			isa = XCSwiftPackageProductDependency;
			package = 5E50DF4F2AD114D700190634 /* XCRemoteSwiftPackageReference "swift-markdown-ui" */;
			productName = MarkdownUI;
		};
/* End XCSwiftPackageProductDependency section */
	};
	rootObject = 519D66F9297C52530095D717 /* Project object */;
}
